
Microsoft Visual Studio Solution File, Format Version 12.00
# Visual Studio Version 17
VisualStudioVersion = 17.4.33205.214
MinimumVisualStudioVersion = 10.0.40219.1
Project("{9A19103F-16F7-4668-BE54-9A1E7A4F7556}") = "CsvHeaderToClassParserConsole", "CsvHeaderToClassParserConsole\CsvHeaderToClassParserConsole.csproj", "{2EB95819-68D1-486F-ADD6-CA962428689D}"
EndProject
Global
	GlobalSection(SolutionConfigurationPlatforms) = preSolution
		Debug|Any CPU = Debug|Any CPU
		Release|Any CPU = Release|Any CPU
	EndGlobalSection
	GlobalSection(ProjectConfigurationPlatforms) = postSolution
		{2EB95819-68D1-486F-ADD6-CA962428689D}.Debug|Any CPU.ActiveCfg = Debug|Any CPU
		{2EB95819-68D1-486F-ADD6-CA962428689D}.Debug|Any CPU.Build.0 = Debug|Any CPU
		{2EB95819-68D1-486F-ADD6-CA962428689D}.Release|Any CPU.ActiveCfg = Release|Any CPU
		{2EB95819-68D1-486F-ADD6-CA962428689D}.Release|Any CPU.Build.0 = Release|Any CPU
	EndGlobalSection
	GlobalSection(SolutionProperties) = preSolution
		HideSolutionNode = FALSE
	EndGlobalSection
	GlobalSection(ExtensibilityGlobals) = postSolution
		SolutionGuid = {BA90AF91-E4F4-441C-BB77-8DA63B64255A}
	EndGlobalSection
EndGlobal
